
Microsoft Visual Studio Solution File, Format Version 12.00
# Visual Studio Version 16
VisualStudioVersion = 16.0.29215.179
MinimumVisualStudioVersion = 10.0.40219.1
Project("{FAE04EC0-301F-11D3-BF4B-00C04F79EFBC}") = "plimited", "plimited.csproj", "{B57D27E6-BBD7-4938-BA95-31E127EC054B}"
EndProject
Global
	GlobalSection(SolutionConfigurationPlatforms) = preSolution
		Debug|Any CPU = Debug|Any CPU
		Release|Any CPU = Release|Any CPU
	EndGlobalSection
	GlobalSection(ProjectConfigurationPlatforms) = postSolution
		{B57D27E6-BBD7-4938-BA95-31E127EC054B}.Debug|Any CPU.ActiveCfg = Debug|Any CPU
		{B57D27E6-BBD7-4938-BA95-31E127EC054B}.Debug|Any CPU.Build.0 = Debug|Any CPU
		{B57D27E6-BBD7-4938-BA95-31E127EC054B}.Release|Any CPU.ActiveCfg = Release|Any CPU
		{B57D27E6-BBD7-4938-BA95-31E127EC054B}.Release|Any CPU.Build.0 = Release|Any CPU
	EndGlobalSection
	GlobalSection(SolutionProperties) = preSolution
		HideSolutionNode = FALSE
	EndGlobalSection
	GlobalSection(ExtensibilityGlobals) = postSolution
		SolutionGuid = {2CBD3B64-1CC5-4870-89A8-D6453DA76DEB}
	EndGlobalSection
EndGlobal
